# This file is autogenerated, do not edit; changes may be undone by the next 'dep ensure'.


[[projects]]
  name = "cloud.google.com/go"
  packages = ["compute/metadata"]
  revision = "0fd7230b2a7505833d5f69b75cbd6c9582401479"
  version = "v0.23.0"

[[projects]]
  name = "github.com/boltdb/bolt"
  packages = ["."]
  revision = "2f1ce7a837dcb8da3ec595b1dac9d0632f0f99e8"
  version = "v1.3.1"

[[projects]]
  branch = "master"
  name = "github.com/bradfitz/slice"
  packages = ["."]
  revision = "d9036e2120b5ddfa53f3ebccd618c4af275f47da"

[[projects]]
  branch = "master"
  name = "github.com/dhowden/tag"
  packages = ["."]
  revision = "e80a3fa76a9645b4a90127deab5b271d8c5bcf85"

[[projects]]
  branch = "master"
  name = "github.com/facebookgo/httpcontrol"
  packages = ["."]
  revision = "ccde4420e1fee9af5da365cb76075b95683f39a6"

[[projects]]
  name = "github.com/golang/protobuf"
  packages = ["proto"]
  revision = "b4deda0973fb4c70b50d226b1af49f3da59f5265"
  version = "v1.1.0"

[[projects]]
  branch = "master"
  name = "github.com/helinwang/portaudio"
  packages = ["."]
  revision = "035e99fec7e03c0f061bb8df7e2bfc1da1f28e83"

[[projects]]
  branch = "master"
  name = "github.com/jfreymuth/go-vorbis"
  packages = [
    "ogg",
    "ogg/vorbis"
  ]
  revision = "41342c90885515235113c2773f4c74120edd5c35"

[[projects]]
  name = "github.com/julienschmidt/httprouter"
  packages = ["."]
  revision = "8c199fb6259ffc1af525cc3ad52ee60ba8359669"
  version = "v1.1"

[[projects]]
  branch = "master"
  name = "github.com/korandiz/mpa"
  packages = ["."]
  revision = "0947560b56fbf84d8b6a23f27eaceeb853c209e2"

[[projects]]
  branch = "master"
  name = "github.com/korandiz/mpseek"
  packages = ["."]
  revision = "7fdfba007a2f3054ae56e63b5581a8b67023628f"

[[projects]]
  branch = "master"
  name = "github.com/mesilliac/pulse-simple"
  packages = ["."]
  revision = "75ac54e19fdff88f4fbd82f45125134b602230b0"

[[projects]]
  name = "github.com/mewkiz/flac"
  packages = [
    ".",
    "frame",
    "internal/bits",
    "internal/hashutil",
    "internal/hashutil/crc16",
    "internal/hashutil/crc8",
    "meta"
  ]
  revision = "5d94ee8c15da5a101247ef7a62aa174291454b8c"
  version = "v1.0.5"

[[projects]]
  branch = "master"
  name = "github.com/mjibson/gme"
  packages = ["."]
  revision = "e9dc4d56a71c3e83b4c2a87ca3894c069f172748"

[[projects]]
  branch = "master"
  name = "github.com/mjibson/gmusic"
  packages = ["."]
  revision = "ad078cbf9073deba72ddd853d42628fc40fbb173"

[[projects]]
  branch = "master"
  name = "github.com/mjibson/go-dsp"
  packages = ["wav"]
  revision = "11479a337f1259210b7c8f93f7bf2b0cc87b066e"

[[projects]]
  branch = "master"
  name = "github.com/mjibson/gpsoauth"
  packages = ["."]
  revision = "be41f43784ed68405d473a38b886a4198aaf45b6"

[[projects]]
  branch = "master"
  name = "github.com/mjibson/nsf"
  packages = [
    ".",
    "cpu6502"
  ]
  revision = "10b2439b9af2ab409e7357fc4ce902935f554d1a"

[[projects]]
  branch = "master"
  name = "github.com/nwaples/rardecode"
  packages = ["."]
  revision = "e06696f847aeda6f39a8f0b7cdff193b7690aef6"

[[projects]]
  branch = "master"
  name = "github.com/oov/directsound-go"
  packages = ["dsound"]
  revision = "e53e59c700bfd3a54be020aa361349351b1221aa"

[[projects]]
  branch = "master"
  name = "github.com/pkg/browser"
  packages = ["."]
  revision = "c90ca0c84f15f81c982e32665bffd8d7aac8f097"

[[projects]]
  branch = "master"
  name = "go4.org"
  packages = ["reflectutil"]
  revision = "9599cf28b011184741f249bd9f9330756b506cbc"

[[projects]]
  branch = "master"
  name = "golang.org/x/net"
  packages = [
    "context",
    "context/ctxhttp",
    "websocket"
  ]
  revision = "1e491301e022f8f977054da4c2d852decd59571f"

[[projects]]
  branch = "master"
  name = "golang.org/x/oauth2"
  packages = [
    ".",
    "google",
    "internal",
    "jws",
    "jwt"
  ]
  revision = "1e0a3fa8ba9a5c9eb35c271780101fdaf1b205d7"

[[projects]]
  branch = "master"
  name = "golang.org/x/sys"
  packages = ["unix"]
  revision = "c11f84a56e43e20a78cee75a7c034031ecf57d1f"

[[projects]]
  branch = "master"
  name = "google.golang.org/api"
  packages = [
    "drive/v3",
    "gensupport",
    "googleapi",
    "googleapi/internal/uritemplates"
  ]
  revision = "00e3bb8d04691e25ee2fccf98c866bcb7925c3ec"

[[projects]]
  name = "google.golang.org/appengine"
  packages = [
    ".",
    "internal",
    "internal/app_identity",
    "internal/base",
    "internal/datastore",
    "internal/log",
    "internal/modules",
    "internal/remote_api",
    "internal/urlfetch",
    "urlfetch"
  ]
  revision = "150dc57a1b433e64154302bdc40b6bb8aefa313a"
  version = "v1.0.0"

[solve-meta]
  analyzer-name = "dep"
  analyzer-version = 1
  inputs-digest = "c75944c33a521aea743d21fe90399d2fd2a03d98e99c0240d7b731c9c5e22407"
  solver-name = "gps-cdcl"
  solver-version = 1
