# This file is autogenerated, do not edit; changes may be undone by the next 'dep ensure'.


[[projects]]
  name = "github.com/boltdb/bolt"
  packages = ["."]
  revision = "2f846c3551b76d7710f159be840d66c3d064abbe"

[[projects]]
  name = "github.com/bradfitz/slice"
  packages = ["."]
  revision = "a665b5dbaad5fc7474c1193c67ed138df1e1b0e7"

[[projects]]
  name = "github.com/dhowden/tag"
  packages = ["."]
  revision = "5b94194b2975cafdeb53b6c05857789f854e5558"

[[projects]]
  branch = "master"
  name = "github.com/facebookgo/httpcontrol"
  packages = ["."]
  revision = "ccde4420e1fee9af5da365cb76075b95683f39a6"

[[projects]]
  name = "github.com/golang/protobuf"
  packages = ["proto"]
  revision = "127091107ff5f822298f1faa7487ffcf578adcf6"

[[projects]]
  branch = "master"
  name = "github.com/hajimehoshi/go-mp3"
  packages = [
    ".",
    "internal/bits",
    "internal/consts",
    "internal/frame",
    "internal/frameheader",
    "internal/huffman",
    "internal/imdct",
    "internal/maindata",
    "internal/sideinfo"
  ]
  revision = "3c185f92b8dbceefa913b64cae634ba47f452769"

[[projects]]
  branch = "master"
  name = "github.com/helinwang/portaudio"
  packages = ["."]
  revision = "035e99fec7e03c0f061bb8df7e2bfc1da1f28e83"

[[projects]]
  name = "github.com/jfreymuth/go-vorbis"
  packages = [
    "ogg",
    "ogg/vorbis"
  ]
  revision = "630983dd5ccd768b792190158382a157a4cb7eb9"

[[projects]]
  name = "github.com/julienschmidt/httprouter"
  packages = ["."]
  revision = "77366a47451a56bb3ba682481eed85b64fea14e8"

[[projects]]
  branch = "master"
  name = "github.com/korandiz/mpseek"
  packages = ["."]
  revision = "7fdfba007a2f3054ae56e63b5581a8b67023628f"

[[projects]]
  name = "github.com/mesilliac/pulse-simple"
  packages = ["."]
  revision = "1e0dc13a19775c46d755afdac26621c3a349d566"

[[projects]]
  branch = "master"
  name = "github.com/mjibson/appstats"
  packages = ["."]
  revision = "0542d5f0e87ea3a8fa4174322b9532f5d04f9fa8"

[[projects]]
  branch = "master"
  name = "github.com/mjibson/gme"
  packages = ["."]
  revision = "e9dc4d56a71c3e83b4c2a87ca3894c069f172748"

[[projects]]
  branch = "master"
  name = "github.com/mjibson/gmusic"
  packages = ["."]
  revision = "ad078cbf9073deba72ddd853d42628fc40fbb173"

[[projects]]
  name = "github.com/mjibson/go-dsp"
  packages = ["wav"]
  revision = "5b3d8c8aa187b6a865859b683005e6330dcf52d4"

[[projects]]
  name = "github.com/mjibson/goon"
  packages = ["."]
  revision = "92ecc0cd3b9922e1727680b0a7097f99b191bca5"

[[projects]]
  branch = "master"
  name = "github.com/mjibson/gpsoauth"
  packages = ["."]
  revision = "be41f43784ed68405d473a38b886a4198aaf45b6"

[[projects]]
  branch = "master"
  name = "github.com/mjibson/nsf"
  packages = [
    ".",
    "cpu6502"
  ]
  revision = "10b2439b9af2ab409e7357fc4ce902935f554d1a"

[[projects]]
  name = "github.com/nwaples/rardecode"
  packages = ["."]
  revision = "7efb1e632fbe042277a3e06bb0eef6b77bb4132a"

[[projects]]
  branch = "master"
  name = "github.com/oov/directsound-go"
  packages = ["dsound"]
  revision = "e53e59c700bfd3a54be020aa361349351b1221aa"

[[projects]]
  name = "github.com/pkg/browser"
  packages = ["."]
  revision = "9302be274faad99162b9d48ec97b24306872ebb0"

[[projects]]
  name = "golang.org/x/net"
  packages = [
    "context",
    "context/ctxhttp",
    "websocket"
  ]
  revision = "b6d7b1396ec874c3b00f6c84cd4301a17c56c8ed"

[[projects]]
  name = "golang.org/x/oauth2"
  packages = [
    ".",
    "google",
    "internal",
    "jws",
    "jwt"
  ]
  revision = "1f9b3a17f090a52da60820f681d766e04a3349b5"

[[projects]]
  name = "golang.org/x/sys"
  packages = ["unix"]
  revision = "50c6bc5e4292a1d4e65c6e9be5f53be28bcbe28e"

[[projects]]
  name = "google.golang.org/api"
  packages = [
    "drive/v3",
    "gensupport",
    "googleapi",
    "googleapi/internal/uritemplates"
  ]
  revision = "e6294e63a06b2be522ff3d328d8cacded0b1bd31"

[[projects]]
  name = "google.golang.org/appengine"
  packages = [
    ".",
    "datastore",
    "internal",
    "internal/app_identity",
    "internal/base",
    "internal/datastore",
    "internal/log",
    "internal/memcache",
    "internal/modules",
    "internal/remote_api",
    "internal/urlfetch",
    "internal/user",
    "log",
    "memcache",
    "urlfetch",
    "user"
  ]
  revision = "6a436539be38c296a8075a871cc536686b458371"

[[projects]]
  name = "google.golang.org/cloud"
  packages = [
    "compute/metadata",
    "internal"
  ]
  revision = "872c736f496c2ba12786bedbb8325576bbdb33cf"

[[projects]]
  name = "gopkg.in/mewkiz/flac.v1"
  packages = [
    ".",
    "frame",
    "meta"
  ]
  revision = "2da5e163354062e6e36a4fee26e126b694a6029b"
  version = "v1.0.3"

[[projects]]
  name = "gopkg.in/mewpkg/bits.v1"
  packages = ["."]
  revision = "99e93b96ba1121341421023326c6634a2d16c6e1"
  version = "v1.0.0"

[[projects]]
  name = "gopkg.in/mewpkg/hashutil.v1"
  packages = [
    ".",
    "crc16",
    "crc8"
  ]
  revision = "576638dc68739d767ffde05d1b4f62e3c0659639"
  version = "v1.0.1"

[solve-meta]
  analyzer-name = "dep"
  analyzer-version = 1
  inputs-digest = "35712ed92fc8088a6576ce5479a68b01efa201b351439c64c00a18cbc2a393a2"
  solver-name = "gps-cdcl"
  solver-version = 1
